
Microsoft Visual Studio Solution File, Format Version 12.00
# Visual Studio Version 16
VisualStudioVersion = 16.0.29215.179
MinimumVisualStudioVersion = 10.0.40219.1
Project("{8BC9CEB8-8B4A-11D0-8D11-00A0C91BC942}") = "Web_server", "Web_server\Web_server.vcxproj", "{33D2F928-9274-4B16-97A4-C45D7EC0D1A1}"
EndProject
Global
	GlobalSection(SolutionConfigurationPlatforms) = preSolution
		Debug|x64 = Debug|x64
		Debug|x86 = Debug|x86
		Release|x64 = Release|x64
		Release|x86 = Release|x86
	EndGlobalSection
	GlobalSection(ProjectConfigurationPlatforms) = postSolution
		{33D2F928-9274-4B16-97A4-C45D7EC0D1A1}.Debug|x64.ActiveCfg = Debug|x64
		{33D2F928-9274-4B16-97A4-C45D7EC0D1A1}.Debug|x64.Build.0 = Debug|x64
		{33D2F928-9274-4B16-97A4-C45D7EC0D1A1}.Debug|x86.ActiveCfg = Debug|Win32
		{33D2F928-9274-4B16-97A4-C45D7EC0D1A1}.Debug|x86.Build.0 = Debug|Win32
		{33D2F928-9274-4B16-97A4-C45D7EC0D1A1}.Release|x64.ActiveCfg = Release|x64
		{33D2F928-9274-4B16-97A4-C45D7EC0D1A1}.Release|x64.Build.0 = Release|x64
		{33D2F928-9274-4B16-97A4-C45D7EC0D1A1}.Release|x86.ActiveCfg = Release|Win32
		{33D2F928-9274-4B16-97A4-C45D7EC0D1A1}.Release|x86.Build.0 = Release|Win32
	EndGlobalSection
	GlobalSection(SolutionProperties) = preSolution
		HideSolutionNode = FALSE
	EndGlobalSection
	GlobalSection(ExtensibilityGlobals) = postSolution
		SolutionGuid = {83D7BEC4-0F73-45E9-933B-48F6BC2B0C21}
	EndGlobalSection
EndGlobal
